
Microsoft Visual Studio Solution File, Format Version 12.00
# Visual Studio Version 17
VisualStudioVersion = 17.7.34031.279
MinimumVisualStudioVersion = 10.0.40219.1
Project("{9A19103F-16F7-4668-BE54-9A1E7A4F7556}") = "CartMicroservice", "CartMicroservice\CartMicroservice.csproj", "{5CC9E1E4-479B-48A3-A430-7E0C6BC9818C}"
EndProject
Project("{9A19103F-16F7-4668-BE54-9A1E7A4F7556}") = "Business.Cart", "Business.Cart\Business.Cart.csproj", "{1B6843F4-9514-476D-BDB2-30632967DC5B}"
EndProject
Project("{9A19103F-16F7-4668-BE54-9A1E7A4F7556}") = "DataAccess.Cart", "DataAccess.Cart\DataAccess.Cart.csproj", "{EE351D3F-A4AE-45D5-BAD3-325FB8322D3F}"
EndProject
Project("{9A19103F-16F7-4668-BE54-9A1E7A4F7556}") = "DataObject.Cart", "DataObject.Cart\DataObject.Cart.csproj", "{65C41FDE-5EA0-4ABC-8AD6-77F988AC3F80}"
EndProject
Project("{9A19103F-16F7-4668-BE54-9A1E7A4F7556}") = "CartAPI.Tests", "TestCartMicroservice\CartAPI.Tests.csproj", "{9A1635B1-FF73-49B9-9736-336BEF635E64}"
EndProject
Global
	GlobalSection(SolutionConfigurationPlatforms) = preSolution
		Debug|Any CPU = Debug|Any CPU
		Release|Any CPU = Release|Any CPU
	EndGlobalSection
	GlobalSection(ProjectConfigurationPlatforms) = postSolution
		{5CC9E1E4-479B-48A3-A430-7E0C6BC9818C}.Debug|Any CPU.ActiveCfg = Debug|Any CPU
		{5CC9E1E4-479B-48A3-A430-7E0C6BC9818C}.Debug|Any CPU.Build.0 = Debug|Any CPU
		{5CC9E1E4-479B-48A3-A430-7E0C6BC9818C}.Release|Any CPU.ActiveCfg = Release|Any CPU
		{5CC9E1E4-479B-48A3-A430-7E0C6BC9818C}.Release|Any CPU.Build.0 = Release|Any CPU
		{1B6843F4-9514-476D-BDB2-30632967DC5B}.Debug|Any CPU.ActiveCfg = Debug|Any CPU
		{1B6843F4-9514-476D-BDB2-30632967DC5B}.Debug|Any CPU.Build.0 = Debug|Any CPU
		{1B6843F4-9514-476D-BDB2-30632967DC5B}.Release|Any CPU.ActiveCfg = Release|Any CPU
		{1B6843F4-9514-476D-BDB2-30632967DC5B}.Release|Any CPU.Build.0 = Release|Any CPU
		{EE351D3F-A4AE-45D5-BAD3-325FB8322D3F}.Debug|Any CPU.ActiveCfg = Debug|Any CPU
		{EE351D3F-A4AE-45D5-BAD3-325FB8322D3F}.Debug|Any CPU.Build.0 = Debug|Any CPU
		{EE351D3F-A4AE-45D5-BAD3-325FB8322D3F}.Release|Any CPU.ActiveCfg = Release|Any CPU
		{EE351D3F-A4AE-45D5-BAD3-325FB8322D3F}.Release|Any CPU.Build.0 = Release|Any CPU
		{65C41FDE-5EA0-4ABC-8AD6-77F988AC3F80}.Debug|Any CPU.ActiveCfg = Debug|Any CPU
		{65C41FDE-5EA0-4ABC-8AD6-77F988AC3F80}.Debug|Any CPU.Build.0 = Debug|Any CPU
		{65C41FDE-5EA0-4ABC-8AD6-77F988AC3F80}.Release|Any CPU.ActiveCfg = Release|Any CPU
		{65C41FDE-5EA0-4ABC-8AD6-77F988AC3F80}.Release|Any CPU.Build.0 = Release|Any CPU
		{9A1635B1-FF73-49B9-9736-336BEF635E64}.Debug|Any CPU.ActiveCfg = Debug|Any CPU
		{9A1635B1-FF73-49B9-9736-336BEF635E64}.Debug|Any CPU.Build.0 = Debug|Any CPU
		{9A1635B1-FF73-49B9-9736-336BEF635E64}.Release|Any CPU.ActiveCfg = Release|Any CPU
		{9A1635B1-FF73-49B9-9736-336BEF635E64}.Release|Any CPU.Build.0 = Release|Any CPU
	EndGlobalSection
	GlobalSection(SolutionProperties) = preSolution
		HideSolutionNode = FALSE
	EndGlobalSection
	GlobalSection(ExtensibilityGlobals) = postSolution
		SolutionGuid = {25773B33-8B78-48E4-88CA-44690114D212}
	EndGlobalSection
EndGlobal
