
Microsoft Visual Studio Solution File, Format Version 12.00
# Visual Studio Version 17
VisualStudioVersion = 17.6.33829.357
MinimumVisualStudioVersion = 10.0.40219.1
Project("{FAE04EC0-301F-11D3-BF4B-00C04F79EFBC}") = "CatalogAPI", "CatalogAPI\CatalogAPI.csproj", "{0F6B86F8-CBCB-4B6B-9EE6-8E39B8563A86}"
EndProject
Project("{FAE04EC0-301F-11D3-BF4B-00C04F79EFBC}") = "Catalog.Core", "Catalog.Core\Catalog.Core.csproj", "{DB49215E-4AB6-4D10-A91C-AFA0FCF0CCEE}"
EndProject
Project("{FAE04EC0-301F-11D3-BF4B-00C04F79EFBC}") = "Catalog.infrastructure", "Catalog.infrastructure\Catalog.infrastructure.csproj", "{07ACF255-3D54-48D2-809D-9015E8F2B8C2}"
EndProject
Project("{FAE04EC0-301F-11D3-BF4B-00C04F79EFBC}") = "Catalog.Business", "Catalog.Business\Catalog.Business.csproj", "{4CB6962D-2CD3-40F4-9EDA-92A5671F0100}"
EndProject
Project("{FAE04EC0-301F-11D3-BF4B-00C04F79EFBC}") = "Catalog.Test", "Catalog.Test\Catalog.Test.csproj", "{6405E8E2-C3B1-420D-B706-BB2177F199E2}"
EndProject
Global
	GlobalSection(SolutionConfigurationPlatforms) = preSolution
		Debug|Any CPU = Debug|Any CPU
		Release|Any CPU = Release|Any CPU
	EndGlobalSection
	GlobalSection(ProjectConfigurationPlatforms) = postSolution
		{0F6B86F8-CBCB-4B6B-9EE6-8E39B8563A86}.Debug|Any CPU.ActiveCfg = Debug|Any CPU
		{0F6B86F8-CBCB-4B6B-9EE6-8E39B8563A86}.Debug|Any CPU.Build.0 = Debug|Any CPU
		{0F6B86F8-CBCB-4B6B-9EE6-8E39B8563A86}.Release|Any CPU.ActiveCfg = Release|Any CPU
		{0F6B86F8-CBCB-4B6B-9EE6-8E39B8563A86}.Release|Any CPU.Build.0 = Release|Any CPU
		{DB49215E-4AB6-4D10-A91C-AFA0FCF0CCEE}.Debug|Any CPU.ActiveCfg = Debug|Any CPU
		{DB49215E-4AB6-4D10-A91C-AFA0FCF0CCEE}.Debug|Any CPU.Build.0 = Debug|Any CPU
		{DB49215E-4AB6-4D10-A91C-AFA0FCF0CCEE}.Release|Any CPU.ActiveCfg = Release|Any CPU
		{DB49215E-4AB6-4D10-A91C-AFA0FCF0CCEE}.Release|Any CPU.Build.0 = Release|Any CPU
		{07ACF255-3D54-48D2-809D-9015E8F2B8C2}.Debug|Any CPU.ActiveCfg = Debug|Any CPU
		{07ACF255-3D54-48D2-809D-9015E8F2B8C2}.Debug|Any CPU.Build.0 = Debug|Any CPU
		{07ACF255-3D54-48D2-809D-9015E8F2B8C2}.Release|Any CPU.ActiveCfg = Release|Any CPU
		{07ACF255-3D54-48D2-809D-9015E8F2B8C2}.Release|Any CPU.Build.0 = Release|Any CPU
		{4CB6962D-2CD3-40F4-9EDA-92A5671F0100}.Debug|Any CPU.ActiveCfg = Debug|Any CPU
		{4CB6962D-2CD3-40F4-9EDA-92A5671F0100}.Debug|Any CPU.Build.0 = Debug|Any CPU
		{4CB6962D-2CD3-40F4-9EDA-92A5671F0100}.Release|Any CPU.ActiveCfg = Release|Any CPU
		{4CB6962D-2CD3-40F4-9EDA-92A5671F0100}.Release|Any CPU.Build.0 = Release|Any CPU
		{6405E8E2-C3B1-420D-B706-BB2177F199E2}.Debug|Any CPU.ActiveCfg = Debug|Any CPU
		{6405E8E2-C3B1-420D-B706-BB2177F199E2}.Debug|Any CPU.Build.0 = Debug|Any CPU
		{6405E8E2-C3B1-420D-B706-BB2177F199E2}.Release|Any CPU.ActiveCfg = Release|Any CPU
		{6405E8E2-C3B1-420D-B706-BB2177F199E2}.Release|Any CPU.Build.0 = Release|Any CPU
	EndGlobalSection
	GlobalSection(SolutionProperties) = preSolution
		HideSolutionNode = FALSE
	EndGlobalSection
	GlobalSection(ExtensibilityGlobals) = postSolution
		SolutionGuid = {61354540-EB69-4F09-9727-84DA422F3661}
	EndGlobalSection
EndGlobal
